
Microsoft Visual Studio Solution File, Format Version 12.00
# Visual Studio Version 17
VisualStudioVersion = 17.7.34031.279
MinimumVisualStudioVersion = 10.0.40219.1
Project("{9A19103F-16F7-4668-BE54-9A1E7A4F7556}") = "BLOGPESSOAL", "BLOGPESSOAL.csproj", "{64636FDB-8E99-478D-B7EB-3C0E877D3F44}"
EndProject
Project("{FAE04EC0-301F-11D3-BF4B-00C04F79EFBC}") = "blogpessoaltest", "..\blogpessoaltest\blogpessoaltest.csproj", "{12AE2B8B-4056-4C1F-8DBA-3980B7354F8A}"
EndProject
Global
	GlobalSection(SolutionConfigurationPlatforms) = preSolution
		Debug|Any CPU = Debug|Any CPU
		Release|Any CPU = Release|Any CPU
	EndGlobalSection
	GlobalSection(ProjectConfigurationPlatforms) = postSolution
		{64636FDB-8E99-478D-B7EB-3C0E877D3F44}.Debug|Any CPU.ActiveCfg = Debug|Any CPU
		{64636FDB-8E99-478D-B7EB-3C0E877D3F44}.Debug|Any CPU.Build.0 = Debug|Any CPU
		{64636FDB-8E99-478D-B7EB-3C0E877D3F44}.Release|Any CPU.ActiveCfg = Release|Any CPU
		{64636FDB-8E99-478D-B7EB-3C0E877D3F44}.Release|Any CPU.Build.0 = Release|Any CPU
		{12AE2B8B-4056-4C1F-8DBA-3980B7354F8A}.Debug|Any CPU.ActiveCfg = Debug|Any CPU
		{12AE2B8B-4056-4C1F-8DBA-3980B7354F8A}.Debug|Any CPU.Build.0 = Debug|Any CPU
		{12AE2B8B-4056-4C1F-8DBA-3980B7354F8A}.Release|Any CPU.ActiveCfg = Release|Any CPU
		{12AE2B8B-4056-4C1F-8DBA-3980B7354F8A}.Release|Any CPU.Build.0 = Release|Any CPU
	EndGlobalSection
	GlobalSection(SolutionProperties) = preSolution
		HideSolutionNode = FALSE
	EndGlobalSection
	GlobalSection(ExtensibilityGlobals) = postSolution
		SolutionGuid = {AA6383F5-726E-4F9B-B380-E2632C7A3A56}
	EndGlobalSection
EndGlobal
